
Microsoft Visual Studio Solution File, Format Version 12.00
# Visual Studio Version 16
VisualStudioVersion = 16.0.33529.622
MinimumVisualStudioVersion = 10.0.40219.1
Project("{FAE04EC0-301F-11D3-BF4B-00C04F79EFBC}") = "Backend", "Backend\Backend.csproj", "{3CCC848E-E7E8-4397-BEA4-6E7F2A33DD4D}"
EndProject
Project("{FAE04EC0-301F-11D3-BF4B-00C04F79EFBC}") = "Backend.Shared", "Backend.Shared\Backend.Shared.csproj", "{21528EB7-AE09-490A-847A-AA977CF68C0C}"
EndProject
Global
	GlobalSection(SolutionConfigurationPlatforms) = preSolution
		Debug|Any CPU = Debug|Any CPU
		Release|Any CPU = Release|Any CPU
	EndGlobalSection
	GlobalSection(ProjectConfigurationPlatforms) = postSolution
		{3CCC848E-E7E8-4397-BEA4-6E7F2A33DD4D}.Debug|Any CPU.ActiveCfg = Debug|Any CPU
		{3CCC848E-E7E8-4397-BEA4-6E7F2A33DD4D}.Debug|Any CPU.Build.0 = Debug|Any CPU
		{3CCC848E-E7E8-4397-BEA4-6E7F2A33DD4D}.Release|Any CPU.ActiveCfg = Release|Any CPU
		{3CCC848E-E7E8-4397-BEA4-6E7F2A33DD4D}.Release|Any CPU.Build.0 = Release|Any CPU
		{21528EB7-AE09-490A-847A-AA977CF68C0C}.Debug|Any CPU.ActiveCfg = Debug|Any CPU
		{21528EB7-AE09-490A-847A-AA977CF68C0C}.Debug|Any CPU.Build.0 = Debug|Any CPU
		{21528EB7-AE09-490A-847A-AA977CF68C0C}.Release|Any CPU.ActiveCfg = Release|Any CPU
		{21528EB7-AE09-490A-847A-AA977CF68C0C}.Release|Any CPU.Build.0 = Release|Any CPU
	EndGlobalSection
	GlobalSection(SolutionProperties) = preSolution
		HideSolutionNode = FALSE
	EndGlobalSection
	GlobalSection(ExtensibilityGlobals) = postSolution
		SolutionGuid = {F0A64BB1-B00F-4845-AC3D-7C89E6415D48}
	EndGlobalSection
EndGlobal
